{
  "nodes": {
    "devshell": {
      "inputs": {
        "flake-utils": "flake-utils_2",
        "nixpkgs": "nixpkgs_2"
      },
      "locked": {
        "lastModified": 1653917170,
        "narHash": "sha256-FyxOnEE/V4PNEcMU62ikY4FfYPo349MOhMM97HS0XEo=",
        "owner": "numtide",
        "repo": "devshell",
        "rev": "fc7a3e3adde9bbcab68af6d1e3c6eb738e296a92",
        "type": "github"
      },
      "original": {
        "owner": "numtide",
        "repo": "devshell",
        "type": "github"
      }
    },
    "flake-compat": {
      "flake": false,
      "locked": {
        "lastModified": 1650374568,
        "narHash": "sha256-Z+s0J8/r907g149rllvwhb4pKi8Wam5ij0st8PwAh+E=",
        "owner": "edolstra",
        "repo": "flake-compat",
        "rev": "b4a34015c698c7793d592d66adbab377907a2be8",
        "type": "github"
      },
      "original": {
        "owner": "edolstra",
        "repo": "flake-compat",
        "type": "github"
      }
    },
    "flake-utils": {
      "locked": {
        "lastModified": 1653893745,
        "narHash": "sha256-0jntwV3Z8//YwuOjzhV2sgJJPt+HY6KhU7VZUL0fKZQ=",
        "owner": "numtide",
        "repo": "flake-utils",
        "rev": "1ed9fb1935d260de5fe1c2f7ee0ebaae17ed2fa1",
        "type": "github"
      },
      "original": {
        "owner": "numtide",
        "repo": "flake-utils",
        "type": "github"
      }
    },
    "flake-utils_2": {
      "locked": {
        "lastModified": 1653893745,
        "narHash": "sha256-0jntwV3Z8//YwuOjzhV2sgJJPt+HY6KhU7VZUL0fKZQ=",
        "owner": "numtide",
        "repo": "flake-utils",
        "rev": "1ed9fb1935d260de5fe1c2f7ee0ebaae17ed2fa1",
        "type": "github"
      },
      "original": {
        "owner": "numtide",
        "repo": "flake-utils",
        "type": "github"
      }
    },
    "flake-utils_3": {
      "locked": {
        "lastModified": 1653893745,
        "narHash": "sha256-0jntwV3Z8//YwuOjzhV2sgJJPt+HY6KhU7VZUL0fKZQ=",
        "owner": "numtide",
        "repo": "flake-utils",
        "rev": "1ed9fb1935d260de5fe1c2f7ee0ebaae17ed2fa1",
        "type": "github"
      },
      "original": {
        "owner": "numtide",
        "repo": "flake-utils",
        "type": "github"
      }
    },
    "nixpkgs": {
      "locked": {
        "lastModified": 1655567057,
        "narHash": "sha256-Cc5hQSMsTzOHmZnYm8OSJ5RNUp22bd5NADWLHorULWQ=",
        "owner": "NixOS",
        "repo": "nixpkgs",
        "rev": "e0a42267f73ea52adc061a64650fddc59906fc99",
        "type": "github"
      },
      "original": {
        "id": "nixpkgs",
        "type": "indirect"
      }
    },
    "nixpkgs_2": {
      "locked": {
        "lastModified": 1654398695,
        "narHash": "sha256-Kw/KeoFXszNsF5mORP45mrxCP+k9Aq03hWcuWCL9sdI=",
        "owner": "NixOS",
        "repo": "nixpkgs",
        "rev": "c5d810f4c74c824ae0fb788103003c6c9d366a08",
        "type": "github"
      },
      "original": {
        "owner": "NixOS",
        "ref": "nixpkgs-unstable",
        "repo": "nixpkgs",
        "type": "github"
      }
    },
    "nixpkgs_3": {
      "locked": {
        "lastModified": 1654230545,
        "narHash": "sha256-8Vlwf0x8ow6pPOK2a04bT+pxIeRnM1+O0Xv9/CuDzRs=",
        "owner": "nixos",
        "repo": "nixpkgs",
        "rev": "236cc2971ac72acd90f0ae3a797f9f83098b17ec",
        "type": "github"
      },
      "original": {
        "owner": "nixos",
        "ref": "nixos-unstable",
        "repo": "nixpkgs",
        "type": "github"
      }
    },
    "root": {
      "inputs": {
        "flake-utils": "flake-utils",
        "nixpkgs": "nixpkgs",
        "satysfi-tools": "satysfi-tools",
        "satyxin": "satyxin",
        "uline": "uline"
      }
    },
    "satysfi-formatter": {
      "flake": false,
      "locked": {
        "lastModified": 1653366227,
        "narHash": "sha256-kuGJ61UzmDDaV7GfPIelk7GOO6HSYidcNX+wrO2fSW4=",
        "owner": "usagrada",
        "repo": "satysfi-formatter",
        "rev": "6d9518575b1a3655bd227be407cfd6092889aaf9",
        "type": "github"
      },
      "original": {
        "owner": "usagrada",
        "ref": "v0.1.1",
        "repo": "satysfi-formatter",
        "type": "github"
      }
    },
    "satysfi-language-server": {
      "flake": false,
      "locked": {
        "lastModified": 1650032658,
        "narHash": "sha256-SkMP33VOKMDgCuxWWZhsITUpwZo13NPDRO0nuHYIBN8=",
        "owner": "monaqa",
        "repo": "satysfi-language-server",
        "rev": "c48b59c248b5e4deb6dc9cd6a2a0df27af53bbce",
        "type": "github"
      },
      "original": {
        "owner": "monaqa",
        "repo": "satysfi-language-server",
        "type": "github"
      }
    },
    "satysfi-tools": {
      "inputs": {
        "devshell": "devshell",
        "flake-compat": "flake-compat",
        "flake-utils": "flake-utils_3",
        "nixpkgs": "nixpkgs_3",
        "satysfi-formatter": "satysfi-formatter",
        "satysfi-language-server": "satysfi-language-server"
      },
      "locked": {
        "lastModified": 1655148557,
        "narHash": "sha256-4cWqanKDpud5AeHILxVJ9zalYdtQFQ8h2nFEDn9xoac=",
        "owner": "SnO2WMaN",
        "repo": "satysfi-tools-nix",
        "rev": "a06c01517d9e9bc43ff5112b23064c8f9117660f",
        "type": "github"
      },
      "original": {
        "owner": "SnO2WMaN",
        "repo": "satysfi-tools-nix",
        "type": "github"
      }
    },
    "satyxin": {
      "locked": {
        "lastModified": 1655791463,
        "narHash": "sha256-UCx7uI1vcUyIOSXavz8Zqgmm5fVb/0ueTh+aN6D5phE=",
        "owner": "aumyf",
        "repo": "satyxin",
        "rev": "4403975aeb1a6e4e1fba012cd6a52eb385217895",
        "type": "github"
      },
      "original": {
        "owner": "aumyf",
        "repo": "satyxin",
        "type": "github"
      }
    },
    "uline": {
      "flake": false,
      "locked": {
        "lastModified": 1612656852,
        "narHash": "sha256-94lChvMIkuIFHJgPoMbQCkivIGwz5EieCOKpcTaKThc=",
        "owner": "puripuri2100",
        "repo": "SATySFi-uline",
        "rev": "a5de5851100d02d2533d7744cdd529f43e0302a9",
        "type": "github"
      },
      "original": {
        "owner": "puripuri2100",
        "repo": "SATySFi-uline",
        "type": "github"
      }
    }
  },
  "root": "root",
  "version": 7
}
